{
    "_meta": {
        "hash": {
            "sha256": "252193075bfc9e55503fbab5c07d9d220bceb00e0d396b4b171737ba0d512301"
        },
        "pipfile-spec": 6,
        "requires": {
            "python_version": "3"
        },
        "sources": [
            {
                "name": "pypi",
                "url": "https://pypi.org/simple",
                "verify_ssl": true
            }
        ]
    },
    "default": {
        "attrs": {
            "hashes": [
                "sha256:935dc3b529c262f6cf76e50877d35a4bd3c1de194fd41f47a2b7ae8f19971f30",
                "sha256:99b87a485a5820b23b879f04c2305b44b951b502fd64be915879d77a7e8fc6f1"
            ],
            "markers": "python_version >= '3.7'",
            "version": "==23.2.0"
        },
        "cattrs": {
            "hashes": [
                "sha256:0341994d94971052e9ee70662542699a3162ea1e0c62f7ce1b4a57f563685108",
                "sha256:a934090d95abaa9e911dac357e3a8699e0b4b14f8529bcc7d2b1ad9d51672b9f"
            ],
            "markers": "python_version >= '3.8'",
            "version": "==23.2.3"
        },
        "cdk8s": {
            "hashes": [
                "sha256:32fd3c6926b9c5ef1fad0f7d645f3e1375131790e24f28b47e4b3f270e56dcca",
                "sha256:50271fbbe40521f575a443951cd7b1ae728e7db9db3fb003427639d9aace0e87"
            ],
            "index": "pypi",
            "markers": "python_version ~= '3.8'",
            "version": "==2.68.85"
        },
        "cdk8s-plus-25": {
            "hashes": [
                "sha256:2ce5ade4a79b565766fa4f2f19ea5983f74213e5b32a822c0e71d97c1184f874",
                "sha256:d5d51c9f414abefc5e9eaca82cfbd805110d33c4acc2656bb29762c9c1a32216"
            ],
            "index": "pypi",
            "markers": "python_version ~= '3.8'",
            "version": "==2.22.79"
        },
        "constructs": {
            "hashes": [
                "sha256:2972f514837565ff5b09171cfba50c0159dfa75ee86a42921ea8c86f2941b3d2",
                "sha256:518551135ec236f9cc6b86500f4fbbe83b803ccdc6c2cb7684e0b7c4d234e7b1"
            ],
            "index": "pypi",
            "markers": "python_version ~= '3.7'",
            "version": "==10.3.0"
        },
        "exceptiongroup": {
            "hashes": [
                "sha256:5258b9ed329c5bbdd31a309f53cbfb0b155341807f6ff7606a1e801a891b29ad",
                "sha256:a4785e48b045528f5bfe627b6ad554ff32def154f42372786903b7abcfe1aa16"
            ],
            "markers": "python_version < '3.11'",
            "version": "==1.2.1"
        },
        "importlib-resources": {
            "hashes": [
                "sha256:50d10f043df931902d4194ea07ec57960f66a80449ff867bfe782b4c486ba78c",
                "sha256:cdb2b453b8046ca4e3798eb1d84f3cce1446a0e8e7b5ef4efb600f19fc398145"
            ],
            "markers": "python_version >= '3.8'",
            "version": "==6.4.0"
        },
        "jsii": {
            "hashes": [
                "sha256:043c4d3d0d09af3c7265747f4da9c95770232477f75c846640df4c63d01b19cb",
                "sha256:b78b87f8316560040ad0b9dca1682d73b6532a33acf4ecf56185d1ae5edb54fa"
            ],
            "markers": "python_version ~= '3.8'",
            "version": "==1.101.0"
        },
        "publication": {
            "hashes": [
                "sha256:0248885351febc11d8a1098d5c8e3ab2dabcf3e8c0c96db1e17ecd12b53afbe6",
                "sha256:68416a0de76dddcdd2930d1c8ef853a743cc96c82416c4e4d3b5d901c6276dc4"
            ],
            "version": "==0.0.3"
        },
        "python-dateutil": {
            "hashes": [
                "sha256:37dd54208da7e1cd875388217d5e00ebd4179249f90fb72437e91a35459a0ad3",
                "sha256:a8b2bc7bffae282281c8140a97d3aa9c14da0b136dfe83f850eea9a5f7470427"
            ],
            "markers": "python_version >= '2.7' and python_version not in '3.0, 3.1, 3.2, 3.3'",
            "version": "==2.9.0.post0"
        },
        "six": {
            "hashes": [
                "sha256:1e61c37477a1626458e36f7b1d82aa5c9b094fa4802892072e49de9c60c4c926",
                "sha256:8abb2f1d86890a2dfb989f9a77cfcfd3e47c2a354b01111771326f8aa26e0254"
            ],
            "markers": "python_version >= '2.7' and python_version not in '3.0, 3.1, 3.2, 3.3'",
            "version": "==1.16.0"
        },
        "typeguard": {
            "hashes": [
                "sha256:00edaa8da3a133674796cf5ea87d9f4b4c367d77476e185e80251cc13dfbb8c4",
                "sha256:5e3e3be01e887e7eafae5af63d1f36c849aaa94e3a0112097312aabfa16284f1"
            ],
            "markers": "python_full_version >= '3.5.3'",
            "version": "==2.13.3"
        },
        "typing-extensions": {
            "hashes": [
                "sha256:04e5ca0351e0f3f85c6853954072df659d0d13fac324d0072316b67d7794700d",
                "sha256:1a7ead55c7e559dd4dee8856e3a88b41225abfe1ce8df57b7c13915fe121ffb8"
            ],
            "markers": "python_version >= '3.8'",
            "version": "==4.12.2"
        },
        "zipp": {
            "hashes": [
                "sha256:bf1dcf6450f873a13e952a29504887c89e6de7506209e5b1bcc3460135d4de19",
                "sha256:f091755f667055f2d02b32c53771a7a6c8b47e1fdbc4b72a8b9072b3eef8015c"
            ],
            "markers": "python_version < '3.10'",
            "version": "==3.19.2"
        }
    },
    "develop": {}
}
